
Microsoft Visual Studio Solution File, Format Version 12.00
# Visual Studio Version 17
VisualStudioVersion = 17.10.35027.167
MinimumVisualStudioVersion = 10.0.40219.1
Project("{54A90642-561A-4BB1-A94E-469ADEE60C69}") = "pw", "pw.esproj", "{644075A0-FEB6-473A-A6B4-593C042947CC}"
EndProject
Global
	GlobalSection(SolutionConfigurationPlatforms) = preSolution
		Debug|Any CPU = Debug|Any CPU
		Release|Any CPU = Release|Any CPU
	EndGlobalSection
	GlobalSection(ProjectConfigurationPlatforms) = postSolution
		{644075A0-FEB6-473A-A6B4-593C042947CC}.Debug|Any CPU.ActiveCfg = Debug|Any CPU
		{644075A0-FEB6-473A-A6B4-593C042947CC}.Debug|Any CPU.Build.0 = Debug|Any CPU
		{644075A0-FEB6-473A-A6B4-593C042947CC}.Debug|Any CPU.Deploy.0 = Debug|Any CPU
		{644075A0-FEB6-473A-A6B4-593C042947CC}.Release|Any CPU.ActiveCfg = Release|Any CPU
		{644075A0-FEB6-473A-A6B4-593C042947CC}.Release|Any CPU.Build.0 = Release|Any CPU
		{644075A0-FEB6-473A-A6B4-593C042947CC}.Release|Any CPU.Deploy.0 = Release|Any CPU
	EndGlobalSection
	GlobalSection(SolutionProperties) = preSolution
		HideSolutionNode = FALSE
	EndGlobalSection
	GlobalSection(ExtensibilityGlobals) = postSolution
		SolutionGuid = {9307E74A-8E52-4DC6-9829-F20204139D07}
	EndGlobalSection
EndGlobal
